
Microsoft Visual Studio Solution File, Format Version 12.00
# Visual Studio Version 16
VisualStudioVersion = 16.0.32002.261
MinimumVisualStudioVersion = 10.0.40219.1
Project("{2150E333-8FDC-42A3-9474-1A3956D46DE8}") = "Distance", "Distance", "{125DF61F-8EB7-4902-87A5-D16E082A3C20}"
EndProject
Project("{11A8DD76-328B-46DF-9F39-F559912D0360}") = "MeasureDistanceApp", "MeasureDistanceApp\MeasureDistanceApp.nfproj", "{2E939C72-FF8D-4199-BD46-59855AF95325}"
EndProject
Project("{2150E333-8FDC-42A3-9474-1A3956D46DE8}") = "Temperature", "Temperature", "{B1F947B1-5FDA-4AC4-9ADC-AED64C83E42C}"
EndProject
Project("{11A8DD76-328B-46DF-9F39-F559912D0360}") = "MeasureTempApp", "MeasureTempApp\MeasureTempApp.nfproj", "{D7C83C71-4ABC-448A-9AA1-B84749397004}"
EndProject
Project("{2150E333-8FDC-42A3-9474-1A3956D46DE8}") = "Motion", "Motion", "{7A0D2CE9-7D2A-4055-AB6A-3DA12DF2A61E}"
EndProject
Project("{11A8DD76-328B-46DF-9F39-F559912D0360}") = "MotionDetectorApp", "MotionDetectorApp\MotionDetectorApp.nfproj", "{1BF55202-9931-4796-9D87-6E63B83A6777}"
EndProject
Project("{2150E333-8FDC-42A3-9474-1A3956D46DE8}") = "Location", "Location", "{99B3B1EB-66C1-4D5F-BE0E-FB3726AA7C77}"
EndProject
Project("{11A8DD76-328B-46DF-9F39-F559912D0360}") = "TrackingApp", "TrackingApp\TrackingApp.nfproj", "{9594DAB8-972D-476E-8112-EE752AB2D570}"
EndProject
Project("{2150E333-8FDC-42A3-9474-1A3956D46DE8}") = "Mqtt", "Mqtt", "{C643D43E-63DF-40A8-9593-42A16C3542EF}"
EndProject
Project("{11A8DD76-328B-46DF-9F39-F559912D0360}") = "MqttApp", "MqttApp\MqttApp.nfproj", "{92F0A6AF-D46D-4FC7-8CBB-E69364DDCE33}"
EndProject
Project("{2150E333-8FDC-42A3-9474-1A3956D46DE8}") = "Bluino", "Bluino", "{DF1FC4ED-F4A9-4D7F-AA6A-DCFEA616F0FD}"
EndProject
Project("{11A8DD76-328B-46DF-9F39-F559912D0360}") = "BluinoApp", "BluinoApp\BluinoApp.nfproj", "{5CA31E2B-94E7-4857-AEBD-492E5DFCB9D6}"
EndProject
Project("{2150E333-8FDC-42A3-9474-1A3956D46DE8}") = "LedMatrix", "LedMatrix", "{3DA888FD-9418-4C71-A42B-3F3554657AF9}"
EndProject
Project("{11A8DD76-328B-46DF-9F39-F559912D0360}") = "BasicGraphics", "BasicGraphics\BasicGraphics.nfproj", "{EC3A1550-DD8B-4B25-8182-D7564DC7897E}"
EndProject
Project("{11A8DD76-328B-46DF-9F39-F559912D0360}") = "LedMatrix", "LedMatrix\LedMatrix.nfproj", "{A80BC522-25B6-4CED-9C97-93ED70402DF6}"
EndProject
Project("{11A8DD76-328B-46DF-9F39-F559912D0360}") = "nanoFramework.WS2812", "nanoFramework.WS2812\nanoFramework.WS2812.nfproj", "{7D3C0E3E-0C95-4BF2-A4B9-BABD2F931F2E}"
EndProject
Project("{2150E333-8FDC-42A3-9474-1A3956D46DE8}") = "Drivers", "Drivers", "{18D1FB9A-D071-4FC5-B786-75B53C968AA8}"
EndProject
Project("{2150E333-8FDC-42A3-9474-1A3956D46DE8}") = "Helpers", "Helpers", "{9E16A8BE-26B9-43D8-B910-F2E54FBA63AE}"
EndProject
Project("{2150E333-8FDC-42A3-9474-1A3956D46DE8}") = "Graphics", "Graphics", "{C9449E07-E56F-490E-90B5-0CB79ECE6C0E}"
EndProject
Project("{11A8DD76-328B-46DF-9F39-F559912D0360}") = "SimpleDrawing", "SimpleDrawing\SimpleDrawing.nfproj", "{2F403D63-ECA7-4543-8D4F-E4072D82032B}"
EndProject
Project("{2150E333-8FDC-42A3-9474-1A3956D46DE8}") = "Lora_Microchip", "Lora_Microchip", "{0C7E51A2-D354-40D0-83C0-D45B9E1BC60D}"
EndProject
Project("{11A8DD76-328B-46DF-9F39-F559912D0360}") = "WeatherStation", "WeatherStation\WeatherStation.nfproj", "{FA48E86F-EEDA-4A89-B043-FC56FBCBB855}"
EndProject
Global
	GlobalSection(SolutionConfigurationPlatforms) = preSolution
		Debug|Any CPU = Debug|Any CPU
		Release|Any CPU = Release|Any CPU
	EndGlobalSection
	GlobalSection(ProjectConfigurationPlatforms) = postSolution
		{2E939C72-FF8D-4199-BD46-59855AF95325}.Debug|Any CPU.ActiveCfg = Debug|Any CPU
		{2E939C72-FF8D-4199-BD46-59855AF95325}.Debug|Any CPU.Build.0 = Debug|Any CPU
		{2E939C72-FF8D-4199-BD46-59855AF95325}.Debug|Any CPU.Deploy.0 = Debug|Any CPU
		{2E939C72-FF8D-4199-BD46-59855AF95325}.Release|Any CPU.ActiveCfg = Release|Any CPU
		{2E939C72-FF8D-4199-BD46-59855AF95325}.Release|Any CPU.Build.0 = Release|Any CPU
		{2E939C72-FF8D-4199-BD46-59855AF95325}.Release|Any CPU.Deploy.0 = Release|Any CPU
		{D7C83C71-4ABC-448A-9AA1-B84749397004}.Debug|Any CPU.ActiveCfg = Debug|Any CPU
		{D7C83C71-4ABC-448A-9AA1-B84749397004}.Debug|Any CPU.Build.0 = Debug|Any CPU
		{D7C83C71-4ABC-448A-9AA1-B84749397004}.Debug|Any CPU.Deploy.0 = Debug|Any CPU
		{D7C83C71-4ABC-448A-9AA1-B84749397004}.Release|Any CPU.ActiveCfg = Release|Any CPU
		{D7C83C71-4ABC-448A-9AA1-B84749397004}.Release|Any CPU.Build.0 = Release|Any CPU
		{D7C83C71-4ABC-448A-9AA1-B84749397004}.Release|Any CPU.Deploy.0 = Release|Any CPU
		{1BF55202-9931-4796-9D87-6E63B83A6777}.Debug|Any CPU.ActiveCfg = Debug|Any CPU
		{1BF55202-9931-4796-9D87-6E63B83A6777}.Debug|Any CPU.Build.0 = Debug|Any CPU
		{1BF55202-9931-4796-9D87-6E63B83A6777}.Debug|Any CPU.Deploy.0 = Debug|Any CPU
		{1BF55202-9931-4796-9D87-6E63B83A6777}.Release|Any CPU.ActiveCfg = Release|Any CPU
		{1BF55202-9931-4796-9D87-6E63B83A6777}.Release|Any CPU.Build.0 = Release|Any CPU
		{1BF55202-9931-4796-9D87-6E63B83A6777}.Release|Any CPU.Deploy.0 = Release|Any CPU
		{9594DAB8-972D-476E-8112-EE752AB2D570}.Debug|Any CPU.ActiveCfg = Debug|Any CPU
		{9594DAB8-972D-476E-8112-EE752AB2D570}.Debug|Any CPU.Build.0 = Debug|Any CPU
		{9594DAB8-972D-476E-8112-EE752AB2D570}.Debug|Any CPU.Deploy.0 = Debug|Any CPU
		{9594DAB8-972D-476E-8112-EE752AB2D570}.Release|Any CPU.ActiveCfg = Release|Any CPU
		{9594DAB8-972D-476E-8112-EE752AB2D570}.Release|Any CPU.Build.0 = Release|Any CPU
		{9594DAB8-972D-476E-8112-EE752AB2D570}.Release|Any CPU.Deploy.0 = Release|Any CPU
		{92F0A6AF-D46D-4FC7-8CBB-E69364DDCE33}.Debug|Any CPU.ActiveCfg = Debug|Any CPU
		{92F0A6AF-D46D-4FC7-8CBB-E69364DDCE33}.Debug|Any CPU.Build.0 = Debug|Any CPU
		{92F0A6AF-D46D-4FC7-8CBB-E69364DDCE33}.Debug|Any CPU.Deploy.0 = Debug|Any CPU
		{92F0A6AF-D46D-4FC7-8CBB-E69364DDCE33}.Release|Any CPU.ActiveCfg = Release|Any CPU
		{92F0A6AF-D46D-4FC7-8CBB-E69364DDCE33}.Release|Any CPU.Build.0 = Release|Any CPU
		{92F0A6AF-D46D-4FC7-8CBB-E69364DDCE33}.Release|Any CPU.Deploy.0 = Release|Any CPU
		{5CA31E2B-94E7-4857-AEBD-492E5DFCB9D6}.Debug|Any CPU.ActiveCfg = Debug|Any CPU
		{5CA31E2B-94E7-4857-AEBD-492E5DFCB9D6}.Debug|Any CPU.Build.0 = Debug|Any CPU
		{5CA31E2B-94E7-4857-AEBD-492E5DFCB9D6}.Debug|Any CPU.Deploy.0 = Debug|Any CPU
		{5CA31E2B-94E7-4857-AEBD-492E5DFCB9D6}.Release|Any CPU.ActiveCfg = Release|Any CPU
		{5CA31E2B-94E7-4857-AEBD-492E5DFCB9D6}.Release|Any CPU.Build.0 = Release|Any CPU
		{5CA31E2B-94E7-4857-AEBD-492E5DFCB9D6}.Release|Any CPU.Deploy.0 = Release|Any CPU
		{EC3A1550-DD8B-4B25-8182-D7564DC7897E}.Debug|Any CPU.ActiveCfg = Debug|Any CPU
		{EC3A1550-DD8B-4B25-8182-D7564DC7897E}.Debug|Any CPU.Build.0 = Debug|Any CPU
		{EC3A1550-DD8B-4B25-8182-D7564DC7897E}.Debug|Any CPU.Deploy.0 = Debug|Any CPU
		{EC3A1550-DD8B-4B25-8182-D7564DC7897E}.Release|Any CPU.ActiveCfg = Release|Any CPU
		{EC3A1550-DD8B-4B25-8182-D7564DC7897E}.Release|Any CPU.Build.0 = Release|Any CPU
		{EC3A1550-DD8B-4B25-8182-D7564DC7897E}.Release|Any CPU.Deploy.0 = Release|Any CPU
		{A80BC522-25B6-4CED-9C97-93ED70402DF6}.Debug|Any CPU.ActiveCfg = Debug|Any CPU
		{A80BC522-25B6-4CED-9C97-93ED70402DF6}.Debug|Any CPU.Build.0 = Debug|Any CPU
		{A80BC522-25B6-4CED-9C97-93ED70402DF6}.Debug|Any CPU.Deploy.0 = Debug|Any CPU
		{A80BC522-25B6-4CED-9C97-93ED70402DF6}.Release|Any CPU.ActiveCfg = Release|Any CPU
		{A80BC522-25B6-4CED-9C97-93ED70402DF6}.Release|Any CPU.Build.0 = Release|Any CPU
		{A80BC522-25B6-4CED-9C97-93ED70402DF6}.Release|Any CPU.Deploy.0 = Release|Any CPU
		{7D3C0E3E-0C95-4BF2-A4B9-BABD2F931F2E}.Debug|Any CPU.ActiveCfg = Debug|Any CPU
		{7D3C0E3E-0C95-4BF2-A4B9-BABD2F931F2E}.Debug|Any CPU.Build.0 = Debug|Any CPU
		{7D3C0E3E-0C95-4BF2-A4B9-BABD2F931F2E}.Debug|Any CPU.Deploy.0 = Debug|Any CPU
		{7D3C0E3E-0C95-4BF2-A4B9-BABD2F931F2E}.Release|Any CPU.ActiveCfg = Release|Any CPU
		{7D3C0E3E-0C95-4BF2-A4B9-BABD2F931F2E}.Release|Any CPU.Build.0 = Release|Any CPU
		{7D3C0E3E-0C95-4BF2-A4B9-BABD2F931F2E}.Release|Any CPU.Deploy.0 = Release|Any CPU
		{2F403D63-ECA7-4543-8D4F-E4072D82032B}.Debug|Any CPU.ActiveCfg = Debug|Any CPU
		{2F403D63-ECA7-4543-8D4F-E4072D82032B}.Debug|Any CPU.Build.0 = Debug|Any CPU
		{2F403D63-ECA7-4543-8D4F-E4072D82032B}.Debug|Any CPU.Deploy.0 = Debug|Any CPU
		{2F403D63-ECA7-4543-8D4F-E4072D82032B}.Release|Any CPU.ActiveCfg = Release|Any CPU
		{2F403D63-ECA7-4543-8D4F-E4072D82032B}.Release|Any CPU.Build.0 = Release|Any CPU
		{2F403D63-ECA7-4543-8D4F-E4072D82032B}.Release|Any CPU.Deploy.0 = Release|Any CPU
		{FA48E86F-EEDA-4A89-B043-FC56FBCBB855}.Debug|Any CPU.ActiveCfg = Debug|Any CPU
		{FA48E86F-EEDA-4A89-B043-FC56FBCBB855}.Debug|Any CPU.Build.0 = Debug|Any CPU
		{FA48E86F-EEDA-4A89-B043-FC56FBCBB855}.Debug|Any CPU.Deploy.0 = Debug|Any CPU
		{FA48E86F-EEDA-4A89-B043-FC56FBCBB855}.Release|Any CPU.ActiveCfg = Release|Any CPU
		{FA48E86F-EEDA-4A89-B043-FC56FBCBB855}.Release|Any CPU.Build.0 = Release|Any CPU
		{FA48E86F-EEDA-4A89-B043-FC56FBCBB855}.Release|Any CPU.Deploy.0 = Release|Any CPU
	EndGlobalSection
	GlobalSection(SolutionProperties) = preSolution
		HideSolutionNode = FALSE
	EndGlobalSection
	GlobalSection(NestedProjects) = preSolution
		{2E939C72-FF8D-4199-BD46-59855AF95325} = {125DF61F-8EB7-4902-87A5-D16E082A3C20}
		{D7C83C71-4ABC-448A-9AA1-B84749397004} = {B1F947B1-5FDA-4AC4-9ADC-AED64C83E42C}
		{1BF55202-9931-4796-9D87-6E63B83A6777} = {7A0D2CE9-7D2A-4055-AB6A-3DA12DF2A61E}
		{9594DAB8-972D-476E-8112-EE752AB2D570} = {99B3B1EB-66C1-4D5F-BE0E-FB3726AA7C77}
		{92F0A6AF-D46D-4FC7-8CBB-E69364DDCE33} = {C643D43E-63DF-40A8-9593-42A16C3542EF}
		{5CA31E2B-94E7-4857-AEBD-492E5DFCB9D6} = {DF1FC4ED-F4A9-4D7F-AA6A-DCFEA616F0FD}
		{EC3A1550-DD8B-4B25-8182-D7564DC7897E} = {9E16A8BE-26B9-43D8-B910-F2E54FBA63AE}
		{A80BC522-25B6-4CED-9C97-93ED70402DF6} = {3DA888FD-9418-4C71-A42B-3F3554657AF9}
		{7D3C0E3E-0C95-4BF2-A4B9-BABD2F931F2E} = {18D1FB9A-D071-4FC5-B786-75B53C968AA8}
		{2F403D63-ECA7-4543-8D4F-E4072D82032B} = {C9449E07-E56F-490E-90B5-0CB79ECE6C0E}
		{FA48E86F-EEDA-4A89-B043-FC56FBCBB855} = {0C7E51A2-D354-40D0-83C0-D45B9E1BC60D}
	EndGlobalSection
	GlobalSection(ExtensibilityGlobals) = postSolution
		SolutionGuid = {79CCB3B6-1913-45A6-9047-8520D1DD3C8D}
	EndGlobalSection
EndGlobal
