
Microsoft Visual Studio Solution File, Format Version 12.00
# Visual Studio Version 17
VisualStudioVersion = 17.1.31911.260
MinimumVisualStudioVersion = 10.0.40219.1
Project("{2150E333-8FDC-42A3-9474-1A3956D46DE8}") = "Distance", "Distance", "{125DF61F-8EB7-4902-87A5-D16E082A3C20}"
EndProject
Project("{11A8DD76-328B-46DF-9F39-F559912D0360}") = "MeasureDistanceApp", "MeasureDistanceApp\MeasureDistanceApp.nfproj", "{2E939C72-FF8D-4199-BD46-59855AF95325}"
EndProject
Project("{2150E333-8FDC-42A3-9474-1A3956D46DE8}") = "Temperature", "Temperature", "{B1F947B1-5FDA-4AC4-9ADC-AED64C83E42C}"
EndProject
Project("{11A8DD76-328B-46DF-9F39-F559912D0360}") = "MeasureTempApp", "MeasureTempApp\MeasureTempApp.nfproj", "{D7C83C71-4ABC-448A-9AA1-B84749397004}"
EndProject
Project("{2150E333-8FDC-42A3-9474-1A3956D46DE8}") = "Motion", "Motion", "{7A0D2CE9-7D2A-4055-AB6A-3DA12DF2A61E}"
EndProject
Project("{11A8DD76-328B-46DF-9F39-F559912D0360}") = "MotionDetectorApp", "MotionDetectorApp\MotionDetectorApp.nfproj", "{1BF55202-9931-4796-9D87-6E63B83A6777}"
EndProject
Project("{2150E333-8FDC-42A3-9474-1A3956D46DE8}") = "Location", "Location", "{99B3B1EB-66C1-4D5F-BE0E-FB3726AA7C77}"
EndProject
Project("{11A8DD76-328B-46DF-9F39-F559912D0360}") = "TrackingApp", "TrackingApp\TrackingApp.nfproj", "{9594DAB8-972D-476E-8112-EE752AB2D570}"
EndProject
Project("{2150E333-8FDC-42A3-9474-1A3956D46DE8}") = "Mqtt", "Mqtt", "{C643D43E-63DF-40A8-9593-42A16C3542EF}"
EndProject
Project("{11A8DD76-328B-46DF-9F39-F559912D0360}") = "MqttApp", "MqttApp\MqttApp.nfproj", "{92F0A6AF-D46D-4FC7-8CBB-E69364DDCE33}"
EndProject
Project("{2150E333-8FDC-42A3-9474-1A3956D46DE8}") = "Bluino", "Bluino", "{DF1FC4ED-F4A9-4D7F-AA6A-DCFEA616F0FD}"
EndProject
Project("{11A8DD76-328B-46DF-9F39-F559912D0360}") = "BluinoApp", "BluinoApp\BluinoApp.nfproj", "{5CA31E2B-94E7-4857-AEBD-492E5DFCB9D6}"
EndProject
Project("{2150E333-8FDC-42A3-9474-1A3956D46DE8}") = "LedMatrix", "LedMatrix", "{3DA888FD-9418-4C71-A42B-3F3554657AF9}"
EndProject
Project("{11A8DD76-328B-46DF-9F39-F559912D0360}") = "BasicGraphics", "BasicGraphics\BasicGraphics.nfproj", "{EC3A1550-DD8B-4B25-8182-D7564DC7897E}"
EndProject
Project("{11A8DD76-328B-46DF-9F39-F559912D0360}") = "LedMatrix", "LedMatrix\LedMatrix.nfproj", "{A80BC522-25B6-4CED-9C97-93ED70402DF6}"
EndProject
Project("{11A8DD76-328B-46DF-9F39-F559912D0360}") = "nanoFramework.WS2812", "nanoFramework.WS2812\nanoFramework.WS2812.nfproj", "{7D3C0E3E-0C95-4BF2-A4B9-BABD2F931F2E}"
EndProject
Project("{2150E333-8FDC-42A3-9474-1A3956D46DE8}") = "Drivers", "Drivers", "{18D1FB9A-D071-4FC5-B786-75B53C968AA8}"
EndProject
Project("{2150E333-8FDC-42A3-9474-1A3956D46DE8}") = "Helpers", "Helpers", "{9E16A8BE-26B9-43D8-B910-F2E54FBA63AE}"
EndProject
Project("{2150E333-8FDC-42A3-9474-1A3956D46DE8}") = "Graphics", "Graphics", "{C9449E07-E56F-490E-90B5-0CB79ECE6C0E}"
EndProject
Project("{11A8DD76-328B-46DF-9F39-F559912D0360}") = "SimpleDrawing", "SimpleDrawing\SimpleDrawing.nfproj", "{2F403D63-ECA7-4543-8D4F-E4072D82032B}"
EndProject
Project("{2150E333-8FDC-42A3-9474-1A3956D46DE8}") = "Lora_Microchip", "Lora_Microchip", "{0C7E51A2-D354-40D0-83C0-D45B9E1BC60D}"
EndProject
Project("{11A8DD76-328B-46DF-9F39-F559912D0360}") = "WeatherStation", "WeatherStation\WeatherStation.nfproj", "{FA48E86F-EEDA-4A89-B043-FC56FBCBB855}"
EndProject
Project("{11A8DD76-328B-46DF-9F39-F559912D0360}") = "Glide", "Glide\Glide.nfproj", "{FC756A55-67CC-4A82-B50A-5A579AF37D0C}"
EndProject
Project("{11A8DD76-328B-46DF-9F39-F559912D0360}") = "System.XML", "System.XML\System.XML.nfproj", "{C405A768-4DE5-41CF-8124-A11BEB27CE2A}"
EndProject
Project("{11A8DD76-328B-46DF-9F39-F559912D0360}") = "nanoFramework.FT5xx6", "nanoFramework.FT5xx6\nanoFramework.FT5xx6.nfproj", "{1D743434-5B90-465B-B9FC-EC0954FD296D}"
EndProject
Project("{11A8DD76-328B-46DF-9F39-F559912D0360}") = "SimpleFormGlide", "SimpleFormGlide\SimpleFormGlide.nfproj", "{2CC02AD2-D091-463D-B84E-9835E0774FDD}"
EndProject
Project("{11A8DD76-328B-46DF-9F39-F559912D0360}") = "ExpressionCode", "ExpressionCode\ExpressionCode.nfproj", "{3DC88512-5B96-481F-B949-4786922888B5}"
EndProject
Project("{2150E333-8FDC-42A3-9474-1A3956D46DE8}") = "RunScript", "RunScript", "{0E352F3C-B906-48BA-A219-1A84476062AE}"
EndProject
Project("{11A8DD76-328B-46DF-9F39-F559912D0360}") = "DynamicScriptApp", "DynamicScriptApp\DynamicScriptApp.nfproj", "{8F49720D-45D1-49AF-9B03-FB5692A3F9EA}"
EndProject
Project("{11A8DD76-328B-46DF-9F39-F559912D0360}") = "SQLiteDB", "SQLiteDB\SQLiteDB.nfproj", "{D3437B60-4C88-46E1-8650-3A9B8FACF865}"
EndProject
Project("{2150E333-8FDC-42A3-9474-1A3956D46DE8}") = "Database", "Database", "{CA618783-535E-4B0D-A7F7-282E95D1F8D0}"
EndProject
Project("{11A8DD76-328B-46DF-9F39-F559912D0360}") = "SqliteDemoApp", "SqliteDemoApp\SqliteDemoApp.nfproj", "{7D5BDDCF-DB11-4A66-8AC8-E4D94B15E561}"
EndProject
Project("{11A8DD76-328B-46DF-9F39-F559912D0360}") = "nanoFramework.Vnc", "nanoFramework.Vnc\nanoFramework.Vnc.nfproj", "{54A0B501-DFD9-4A9F-99EC-4D52E998EC11}"
EndProject
Project("{11A8DD76-328B-46DF-9F39-F559912D0360}") = "nanoFramework.VS1053B", "nanoFramework.VS1053B\nanoFramework.VS1053B.nfproj", "{A032B26A-AF22-48EA-B85F-55A490B2DD78}"
EndProject
Project("{2150E333-8FDC-42A3-9474-1A3956D46DE8}") = "Mp3Player", "Mp3Player", "{DAE10203-F0C7-4366-8A5F-9F0BCA114584}"
EndProject
Project("{11A8DD76-328B-46DF-9F39-F559912D0360}") = "Mp3DemoApp", "Mp3DemoApp\Mp3DemoApp.nfproj", "{11DD8FAB-E6B2-4D22-AB03-A804F6C6557F}"
EndProject
Project("{11A8DD76-328B-46DF-9F39-F559912D0360}") = "nanoFramework.Media", "nanoFramework.Media\nanoFramework.Media.nfproj", "{0F373494-9D38-4618-A9C6-6FB0A8062402}"
EndProject
Project("{2150E333-8FDC-42A3-9474-1A3956D46DE8}") = "WavPlayer", "WavPlayer", "{C157D1BE-00AE-45AA-BE39-8117424135F7}"
EndProject
Project("{11A8DD76-328B-46DF-9F39-F559912D0360}") = "WavDemoApp", "WavDemoApp\WavDemoApp.nfproj", "{37251508-411D-4E90-B21E-4149351BCC54}"
EndProject
Project("{2150E333-8FDC-42A3-9474-1A3956D46DE8}") = "Mjpeg", "Mjpeg", "{895CB34D-A98B-4B37-B2CC-95662E66EEC5}"
EndProject
Project("{11A8DD76-328B-46DF-9F39-F559912D0360}") = "MjpegDemoApp", "MjpegDemoApp\MjpegDemoApp.nfproj", "{4F0465DF-9BE9-4353-96EB-E698C54A1C55}"
EndProject
Project("{11A8DD76-328B-46DF-9F39-F559912D0360}") = "nanoFramework.ST7735", "nanoFramework.ST7735\nanoFramework.ST7735.nfproj", "{1643B34C-160F-4AC5-8863-96B6F87E88B6}"
EndProject
Project("{11A8DD76-328B-46DF-9F39-F559912D0360}") = "nanoFramework.SSD1306", "nanoFramework.SSD1306\nanoFramework.SSD1306.nfproj", "{7B4E5B15-AA6D-4D17-A562-6A23591CC270}"
EndProject
Project("{2150E333-8FDC-42A3-9474-1A3956D46DE8}") = "Cloud", "Cloud", "{B7947C3F-665B-4C52-8A36-E044B11A9EBA}"
EndProject
Project("{11A8DD76-328B-46DF-9F39-F559912D0360}") = "AzureIoTDemo", "AzureIoTDemo\AzureIoTDemo.nfproj", "{FEE0FAB6-97F0-4B61-A61B-4FD442C61050}"
EndProject
Project("{11A8DD76-328B-46DF-9F39-F559912D0360}") = "nanoFramework.Servo", "nanoFramework.Servo\nanoFramework.Servo.nfproj", "{A635F1AA-E167-4153-BDE6-250D347A5B6E}"
EndProject
Project("{2150E333-8FDC-42A3-9474-1A3956D46DE8}") = "Servo", "Servo", "{473618FE-E7CF-47A0-9E9E-B5D2E3B0A6F6}"
EndProject
Project("{11A8DD76-328B-46DF-9F39-F559912D0360}") = "ServoDemoApp", "ServoDemoApp\ServoDemoApp.nfproj", "{20B28277-4CCD-403D-BF8D-D0CCCFBCA662}"
EndProject
Project("{11A8DD76-328B-46DF-9F39-F559912D0360}") = "nanoFramework.MotorL298", "nanoFramework.MotorL298\nanoFramework.MotorL298.nfproj", "{DFD42619-53CA-48CD-88DE-137D30429A25}"
EndProject
Project("{11A8DD76-328B-46DF-9F39-F559912D0360}") = "nanoFramework.HC05", "nanoFramework.HC05\nanoFramework.HC05.nfproj", "{8F61D99F-9550-4D66-B20F-DFD4742F4752}"
EndProject
Project("{11A8DD76-328B-46DF-9F39-F559912D0360}") = "nanoFramework.HD44780", "nanoFramework.HD44780\nanoFramework.HD44780.nfproj", "{92BADA30-1597-40D8-9D87-EE8A053498C6}"
EndProject
Project("{11A8DD76-328B-46DF-9F39-F559912D0360}") = "nanoFramework.LDR", "nanoFramework.LDR\nanoFramework.LDR.nfproj", "{3F06B4DC-3FD8-4985-BC6F-AC01E921A05F}"
EndProject
Global
	GlobalSection(SolutionConfigurationPlatforms) = preSolution
		Debug|Any CPU = Debug|Any CPU
		Release|Any CPU = Release|Any CPU
	EndGlobalSection
	GlobalSection(ProjectConfigurationPlatforms) = postSolution
		{2E939C72-FF8D-4199-BD46-59855AF95325}.Debug|Any CPU.ActiveCfg = Debug|Any CPU
		{2E939C72-FF8D-4199-BD46-59855AF95325}.Debug|Any CPU.Build.0 = Debug|Any CPU
		{2E939C72-FF8D-4199-BD46-59855AF95325}.Debug|Any CPU.Deploy.0 = Debug|Any CPU
		{2E939C72-FF8D-4199-BD46-59855AF95325}.Release|Any CPU.ActiveCfg = Release|Any CPU
		{2E939C72-FF8D-4199-BD46-59855AF95325}.Release|Any CPU.Build.0 = Release|Any CPU
		{2E939C72-FF8D-4199-BD46-59855AF95325}.Release|Any CPU.Deploy.0 = Release|Any CPU
		{D7C83C71-4ABC-448A-9AA1-B84749397004}.Debug|Any CPU.ActiveCfg = Debug|Any CPU
		{D7C83C71-4ABC-448A-9AA1-B84749397004}.Debug|Any CPU.Build.0 = Debug|Any CPU
		{D7C83C71-4ABC-448A-9AA1-B84749397004}.Debug|Any CPU.Deploy.0 = Debug|Any CPU
		{D7C83C71-4ABC-448A-9AA1-B84749397004}.Release|Any CPU.ActiveCfg = Release|Any CPU
		{D7C83C71-4ABC-448A-9AA1-B84749397004}.Release|Any CPU.Build.0 = Release|Any CPU
		{D7C83C71-4ABC-448A-9AA1-B84749397004}.Release|Any CPU.Deploy.0 = Release|Any CPU
		{1BF55202-9931-4796-9D87-6E63B83A6777}.Debug|Any CPU.ActiveCfg = Debug|Any CPU
		{1BF55202-9931-4796-9D87-6E63B83A6777}.Debug|Any CPU.Build.0 = Debug|Any CPU
		{1BF55202-9931-4796-9D87-6E63B83A6777}.Debug|Any CPU.Deploy.0 = Debug|Any CPU
		{1BF55202-9931-4796-9D87-6E63B83A6777}.Release|Any CPU.ActiveCfg = Release|Any CPU
		{1BF55202-9931-4796-9D87-6E63B83A6777}.Release|Any CPU.Build.0 = Release|Any CPU
		{1BF55202-9931-4796-9D87-6E63B83A6777}.Release|Any CPU.Deploy.0 = Release|Any CPU
		{9594DAB8-972D-476E-8112-EE752AB2D570}.Debug|Any CPU.ActiveCfg = Debug|Any CPU
		{9594DAB8-972D-476E-8112-EE752AB2D570}.Debug|Any CPU.Build.0 = Debug|Any CPU
		{9594DAB8-972D-476E-8112-EE752AB2D570}.Debug|Any CPU.Deploy.0 = Debug|Any CPU
		{9594DAB8-972D-476E-8112-EE752AB2D570}.Release|Any CPU.ActiveCfg = Release|Any CPU
		{9594DAB8-972D-476E-8112-EE752AB2D570}.Release|Any CPU.Build.0 = Release|Any CPU
		{9594DAB8-972D-476E-8112-EE752AB2D570}.Release|Any CPU.Deploy.0 = Release|Any CPU
		{92F0A6AF-D46D-4FC7-8CBB-E69364DDCE33}.Debug|Any CPU.ActiveCfg = Debug|Any CPU
		{92F0A6AF-D46D-4FC7-8CBB-E69364DDCE33}.Debug|Any CPU.Build.0 = Debug|Any CPU
		{92F0A6AF-D46D-4FC7-8CBB-E69364DDCE33}.Debug|Any CPU.Deploy.0 = Debug|Any CPU
		{92F0A6AF-D46D-4FC7-8CBB-E69364DDCE33}.Release|Any CPU.ActiveCfg = Release|Any CPU
		{92F0A6AF-D46D-4FC7-8CBB-E69364DDCE33}.Release|Any CPU.Build.0 = Release|Any CPU
		{92F0A6AF-D46D-4FC7-8CBB-E69364DDCE33}.Release|Any CPU.Deploy.0 = Release|Any CPU
		{5CA31E2B-94E7-4857-AEBD-492E5DFCB9D6}.Debug|Any CPU.ActiveCfg = Debug|Any CPU
		{5CA31E2B-94E7-4857-AEBD-492E5DFCB9D6}.Debug|Any CPU.Build.0 = Debug|Any CPU
		{5CA31E2B-94E7-4857-AEBD-492E5DFCB9D6}.Debug|Any CPU.Deploy.0 = Debug|Any CPU
		{5CA31E2B-94E7-4857-AEBD-492E5DFCB9D6}.Release|Any CPU.ActiveCfg = Release|Any CPU
		{5CA31E2B-94E7-4857-AEBD-492E5DFCB9D6}.Release|Any CPU.Build.0 = Release|Any CPU
		{5CA31E2B-94E7-4857-AEBD-492E5DFCB9D6}.Release|Any CPU.Deploy.0 = Release|Any CPU
		{EC3A1550-DD8B-4B25-8182-D7564DC7897E}.Debug|Any CPU.ActiveCfg = Debug|Any CPU
		{EC3A1550-DD8B-4B25-8182-D7564DC7897E}.Debug|Any CPU.Build.0 = Debug|Any CPU
		{EC3A1550-DD8B-4B25-8182-D7564DC7897E}.Debug|Any CPU.Deploy.0 = Debug|Any CPU
		{EC3A1550-DD8B-4B25-8182-D7564DC7897E}.Release|Any CPU.ActiveCfg = Release|Any CPU
		{EC3A1550-DD8B-4B25-8182-D7564DC7897E}.Release|Any CPU.Build.0 = Release|Any CPU
		{EC3A1550-DD8B-4B25-8182-D7564DC7897E}.Release|Any CPU.Deploy.0 = Release|Any CPU
		{A80BC522-25B6-4CED-9C97-93ED70402DF6}.Debug|Any CPU.ActiveCfg = Debug|Any CPU
		{A80BC522-25B6-4CED-9C97-93ED70402DF6}.Debug|Any CPU.Build.0 = Debug|Any CPU
		{A80BC522-25B6-4CED-9C97-93ED70402DF6}.Debug|Any CPU.Deploy.0 = Debug|Any CPU
		{A80BC522-25B6-4CED-9C97-93ED70402DF6}.Release|Any CPU.ActiveCfg = Release|Any CPU
		{A80BC522-25B6-4CED-9C97-93ED70402DF6}.Release|Any CPU.Build.0 = Release|Any CPU
		{A80BC522-25B6-4CED-9C97-93ED70402DF6}.Release|Any CPU.Deploy.0 = Release|Any CPU
		{7D3C0E3E-0C95-4BF2-A4B9-BABD2F931F2E}.Debug|Any CPU.ActiveCfg = Debug|Any CPU
		{7D3C0E3E-0C95-4BF2-A4B9-BABD2F931F2E}.Debug|Any CPU.Build.0 = Debug|Any CPU
		{7D3C0E3E-0C95-4BF2-A4B9-BABD2F931F2E}.Debug|Any CPU.Deploy.0 = Debug|Any CPU
		{7D3C0E3E-0C95-4BF2-A4B9-BABD2F931F2E}.Release|Any CPU.ActiveCfg = Release|Any CPU
		{7D3C0E3E-0C95-4BF2-A4B9-BABD2F931F2E}.Release|Any CPU.Build.0 = Release|Any CPU
		{7D3C0E3E-0C95-4BF2-A4B9-BABD2F931F2E}.Release|Any CPU.Deploy.0 = Release|Any CPU
		{2F403D63-ECA7-4543-8D4F-E4072D82032B}.Debug|Any CPU.ActiveCfg = Debug|Any CPU
		{2F403D63-ECA7-4543-8D4F-E4072D82032B}.Debug|Any CPU.Build.0 = Debug|Any CPU
		{2F403D63-ECA7-4543-8D4F-E4072D82032B}.Debug|Any CPU.Deploy.0 = Debug|Any CPU
		{2F403D63-ECA7-4543-8D4F-E4072D82032B}.Release|Any CPU.ActiveCfg = Release|Any CPU
		{2F403D63-ECA7-4543-8D4F-E4072D82032B}.Release|Any CPU.Build.0 = Release|Any CPU
		{2F403D63-ECA7-4543-8D4F-E4072D82032B}.Release|Any CPU.Deploy.0 = Release|Any CPU
		{FA48E86F-EEDA-4A89-B043-FC56FBCBB855}.Debug|Any CPU.ActiveCfg = Debug|Any CPU
		{FA48E86F-EEDA-4A89-B043-FC56FBCBB855}.Debug|Any CPU.Build.0 = Debug|Any CPU
		{FA48E86F-EEDA-4A89-B043-FC56FBCBB855}.Debug|Any CPU.Deploy.0 = Debug|Any CPU
		{FA48E86F-EEDA-4A89-B043-FC56FBCBB855}.Release|Any CPU.ActiveCfg = Release|Any CPU
		{FA48E86F-EEDA-4A89-B043-FC56FBCBB855}.Release|Any CPU.Build.0 = Release|Any CPU
		{FA48E86F-EEDA-4A89-B043-FC56FBCBB855}.Release|Any CPU.Deploy.0 = Release|Any CPU
		{FC756A55-67CC-4A82-B50A-5A579AF37D0C}.Debug|Any CPU.ActiveCfg = Debug|Any CPU
		{FC756A55-67CC-4A82-B50A-5A579AF37D0C}.Debug|Any CPU.Build.0 = Debug|Any CPU
		{FC756A55-67CC-4A82-B50A-5A579AF37D0C}.Debug|Any CPU.Deploy.0 = Debug|Any CPU
		{FC756A55-67CC-4A82-B50A-5A579AF37D0C}.Release|Any CPU.ActiveCfg = Release|Any CPU
		{FC756A55-67CC-4A82-B50A-5A579AF37D0C}.Release|Any CPU.Build.0 = Release|Any CPU
		{FC756A55-67CC-4A82-B50A-5A579AF37D0C}.Release|Any CPU.Deploy.0 = Release|Any CPU
		{C405A768-4DE5-41CF-8124-A11BEB27CE2A}.Debug|Any CPU.ActiveCfg = Debug|Any CPU
		{C405A768-4DE5-41CF-8124-A11BEB27CE2A}.Debug|Any CPU.Build.0 = Debug|Any CPU
		{C405A768-4DE5-41CF-8124-A11BEB27CE2A}.Debug|Any CPU.Deploy.0 = Debug|Any CPU
		{C405A768-4DE5-41CF-8124-A11BEB27CE2A}.Release|Any CPU.ActiveCfg = Release|Any CPU
		{C405A768-4DE5-41CF-8124-A11BEB27CE2A}.Release|Any CPU.Build.0 = Release|Any CPU
		{C405A768-4DE5-41CF-8124-A11BEB27CE2A}.Release|Any CPU.Deploy.0 = Release|Any CPU
		{1D743434-5B90-465B-B9FC-EC0954FD296D}.Debug|Any CPU.ActiveCfg = Debug|Any CPU
		{1D743434-5B90-465B-B9FC-EC0954FD296D}.Debug|Any CPU.Build.0 = Debug|Any CPU
		{1D743434-5B90-465B-B9FC-EC0954FD296D}.Debug|Any CPU.Deploy.0 = Debug|Any CPU
		{1D743434-5B90-465B-B9FC-EC0954FD296D}.Release|Any CPU.ActiveCfg = Release|Any CPU
		{1D743434-5B90-465B-B9FC-EC0954FD296D}.Release|Any CPU.Build.0 = Release|Any CPU
		{1D743434-5B90-465B-B9FC-EC0954FD296D}.Release|Any CPU.Deploy.0 = Release|Any CPU
		{2CC02AD2-D091-463D-B84E-9835E0774FDD}.Debug|Any CPU.ActiveCfg = Debug|Any CPU
		{2CC02AD2-D091-463D-B84E-9835E0774FDD}.Debug|Any CPU.Build.0 = Debug|Any CPU
		{2CC02AD2-D091-463D-B84E-9835E0774FDD}.Debug|Any CPU.Deploy.0 = Debug|Any CPU
		{2CC02AD2-D091-463D-B84E-9835E0774FDD}.Release|Any CPU.ActiveCfg = Release|Any CPU
		{2CC02AD2-D091-463D-B84E-9835E0774FDD}.Release|Any CPU.Build.0 = Release|Any CPU
		{2CC02AD2-D091-463D-B84E-9835E0774FDD}.Release|Any CPU.Deploy.0 = Release|Any CPU
		{3DC88512-5B96-481F-B949-4786922888B5}.Debug|Any CPU.ActiveCfg = Debug|Any CPU
		{3DC88512-5B96-481F-B949-4786922888B5}.Debug|Any CPU.Build.0 = Debug|Any CPU
		{3DC88512-5B96-481F-B949-4786922888B5}.Debug|Any CPU.Deploy.0 = Debug|Any CPU
		{3DC88512-5B96-481F-B949-4786922888B5}.Release|Any CPU.ActiveCfg = Release|Any CPU
		{3DC88512-5B96-481F-B949-4786922888B5}.Release|Any CPU.Build.0 = Release|Any CPU
		{3DC88512-5B96-481F-B949-4786922888B5}.Release|Any CPU.Deploy.0 = Release|Any CPU
		{8F49720D-45D1-49AF-9B03-FB5692A3F9EA}.Debug|Any CPU.ActiveCfg = Debug|Any CPU
		{8F49720D-45D1-49AF-9B03-FB5692A3F9EA}.Debug|Any CPU.Build.0 = Debug|Any CPU
		{8F49720D-45D1-49AF-9B03-FB5692A3F9EA}.Debug|Any CPU.Deploy.0 = Debug|Any CPU
		{8F49720D-45D1-49AF-9B03-FB5692A3F9EA}.Release|Any CPU.ActiveCfg = Release|Any CPU
		{8F49720D-45D1-49AF-9B03-FB5692A3F9EA}.Release|Any CPU.Build.0 = Release|Any CPU
		{8F49720D-45D1-49AF-9B03-FB5692A3F9EA}.Release|Any CPU.Deploy.0 = Release|Any CPU
		{D3437B60-4C88-46E1-8650-3A9B8FACF865}.Debug|Any CPU.ActiveCfg = Debug|Any CPU
		{D3437B60-4C88-46E1-8650-3A9B8FACF865}.Debug|Any CPU.Build.0 = Debug|Any CPU
		{D3437B60-4C88-46E1-8650-3A9B8FACF865}.Debug|Any CPU.Deploy.0 = Debug|Any CPU
		{D3437B60-4C88-46E1-8650-3A9B8FACF865}.Release|Any CPU.ActiveCfg = Release|Any CPU
		{D3437B60-4C88-46E1-8650-3A9B8FACF865}.Release|Any CPU.Build.0 = Release|Any CPU
		{D3437B60-4C88-46E1-8650-3A9B8FACF865}.Release|Any CPU.Deploy.0 = Release|Any CPU
		{7D5BDDCF-DB11-4A66-8AC8-E4D94B15E561}.Debug|Any CPU.ActiveCfg = Debug|Any CPU
		{7D5BDDCF-DB11-4A66-8AC8-E4D94B15E561}.Debug|Any CPU.Build.0 = Debug|Any CPU
		{7D5BDDCF-DB11-4A66-8AC8-E4D94B15E561}.Debug|Any CPU.Deploy.0 = Debug|Any CPU
		{7D5BDDCF-DB11-4A66-8AC8-E4D94B15E561}.Release|Any CPU.ActiveCfg = Release|Any CPU
		{7D5BDDCF-DB11-4A66-8AC8-E4D94B15E561}.Release|Any CPU.Build.0 = Release|Any CPU
		{7D5BDDCF-DB11-4A66-8AC8-E4D94B15E561}.Release|Any CPU.Deploy.0 = Release|Any CPU
		{54A0B501-DFD9-4A9F-99EC-4D52E998EC11}.Debug|Any CPU.ActiveCfg = Debug|Any CPU
		{54A0B501-DFD9-4A9F-99EC-4D52E998EC11}.Debug|Any CPU.Build.0 = Debug|Any CPU
		{54A0B501-DFD9-4A9F-99EC-4D52E998EC11}.Debug|Any CPU.Deploy.0 = Debug|Any CPU
		{54A0B501-DFD9-4A9F-99EC-4D52E998EC11}.Release|Any CPU.ActiveCfg = Release|Any CPU
		{54A0B501-DFD9-4A9F-99EC-4D52E998EC11}.Release|Any CPU.Build.0 = Release|Any CPU
		{54A0B501-DFD9-4A9F-99EC-4D52E998EC11}.Release|Any CPU.Deploy.0 = Release|Any CPU
		{A032B26A-AF22-48EA-B85F-55A490B2DD78}.Debug|Any CPU.ActiveCfg = Debug|Any CPU
		{A032B26A-AF22-48EA-B85F-55A490B2DD78}.Debug|Any CPU.Build.0 = Debug|Any CPU
		{A032B26A-AF22-48EA-B85F-55A490B2DD78}.Debug|Any CPU.Deploy.0 = Debug|Any CPU
		{A032B26A-AF22-48EA-B85F-55A490B2DD78}.Release|Any CPU.ActiveCfg = Release|Any CPU
		{A032B26A-AF22-48EA-B85F-55A490B2DD78}.Release|Any CPU.Build.0 = Release|Any CPU
		{A032B26A-AF22-48EA-B85F-55A490B2DD78}.Release|Any CPU.Deploy.0 = Release|Any CPU
		{11DD8FAB-E6B2-4D22-AB03-A804F6C6557F}.Debug|Any CPU.ActiveCfg = Debug|Any CPU
		{11DD8FAB-E6B2-4D22-AB03-A804F6C6557F}.Debug|Any CPU.Build.0 = Debug|Any CPU
		{11DD8FAB-E6B2-4D22-AB03-A804F6C6557F}.Debug|Any CPU.Deploy.0 = Debug|Any CPU
		{11DD8FAB-E6B2-4D22-AB03-A804F6C6557F}.Release|Any CPU.ActiveCfg = Release|Any CPU
		{11DD8FAB-E6B2-4D22-AB03-A804F6C6557F}.Release|Any CPU.Build.0 = Release|Any CPU
		{11DD8FAB-E6B2-4D22-AB03-A804F6C6557F}.Release|Any CPU.Deploy.0 = Release|Any CPU
		{0F373494-9D38-4618-A9C6-6FB0A8062402}.Debug|Any CPU.ActiveCfg = Debug|Any CPU
		{0F373494-9D38-4618-A9C6-6FB0A8062402}.Debug|Any CPU.Build.0 = Debug|Any CPU
		{0F373494-9D38-4618-A9C6-6FB0A8062402}.Debug|Any CPU.Deploy.0 = Debug|Any CPU
		{0F373494-9D38-4618-A9C6-6FB0A8062402}.Release|Any CPU.ActiveCfg = Release|Any CPU
		{0F373494-9D38-4618-A9C6-6FB0A8062402}.Release|Any CPU.Build.0 = Release|Any CPU
		{0F373494-9D38-4618-A9C6-6FB0A8062402}.Release|Any CPU.Deploy.0 = Release|Any CPU
		{37251508-411D-4E90-B21E-4149351BCC54}.Debug|Any CPU.ActiveCfg = Debug|Any CPU
		{37251508-411D-4E90-B21E-4149351BCC54}.Debug|Any CPU.Build.0 = Debug|Any CPU
		{37251508-411D-4E90-B21E-4149351BCC54}.Debug|Any CPU.Deploy.0 = Debug|Any CPU
		{37251508-411D-4E90-B21E-4149351BCC54}.Release|Any CPU.ActiveCfg = Release|Any CPU
		{37251508-411D-4E90-B21E-4149351BCC54}.Release|Any CPU.Build.0 = Release|Any CPU
		{37251508-411D-4E90-B21E-4149351BCC54}.Release|Any CPU.Deploy.0 = Release|Any CPU
		{4F0465DF-9BE9-4353-96EB-E698C54A1C55}.Debug|Any CPU.ActiveCfg = Debug|Any CPU
		{4F0465DF-9BE9-4353-96EB-E698C54A1C55}.Debug|Any CPU.Build.0 = Debug|Any CPU
		{4F0465DF-9BE9-4353-96EB-E698C54A1C55}.Debug|Any CPU.Deploy.0 = Debug|Any CPU
		{4F0465DF-9BE9-4353-96EB-E698C54A1C55}.Release|Any CPU.ActiveCfg = Release|Any CPU
		{4F0465DF-9BE9-4353-96EB-E698C54A1C55}.Release|Any CPU.Build.0 = Release|Any CPU
		{4F0465DF-9BE9-4353-96EB-E698C54A1C55}.Release|Any CPU.Deploy.0 = Release|Any CPU
		{1643B34C-160F-4AC5-8863-96B6F87E88B6}.Debug|Any CPU.ActiveCfg = Debug|Any CPU
		{1643B34C-160F-4AC5-8863-96B6F87E88B6}.Debug|Any CPU.Build.0 = Debug|Any CPU
		{1643B34C-160F-4AC5-8863-96B6F87E88B6}.Debug|Any CPU.Deploy.0 = Debug|Any CPU
		{1643B34C-160F-4AC5-8863-96B6F87E88B6}.Release|Any CPU.ActiveCfg = Release|Any CPU
		{1643B34C-160F-4AC5-8863-96B6F87E88B6}.Release|Any CPU.Build.0 = Release|Any CPU
		{1643B34C-160F-4AC5-8863-96B6F87E88B6}.Release|Any CPU.Deploy.0 = Release|Any CPU
		{7B4E5B15-AA6D-4D17-A562-6A23591CC270}.Debug|Any CPU.ActiveCfg = Debug|Any CPU
		{7B4E5B15-AA6D-4D17-A562-6A23591CC270}.Debug|Any CPU.Build.0 = Debug|Any CPU
		{7B4E5B15-AA6D-4D17-A562-6A23591CC270}.Debug|Any CPU.Deploy.0 = Debug|Any CPU
		{7B4E5B15-AA6D-4D17-A562-6A23591CC270}.Release|Any CPU.ActiveCfg = Release|Any CPU
		{7B4E5B15-AA6D-4D17-A562-6A23591CC270}.Release|Any CPU.Build.0 = Release|Any CPU
		{7B4E5B15-AA6D-4D17-A562-6A23591CC270}.Release|Any CPU.Deploy.0 = Release|Any CPU
		{FEE0FAB6-97F0-4B61-A61B-4FD442C61050}.Debug|Any CPU.ActiveCfg = Debug|Any CPU
		{FEE0FAB6-97F0-4B61-A61B-4FD442C61050}.Debug|Any CPU.Build.0 = Debug|Any CPU
		{FEE0FAB6-97F0-4B61-A61B-4FD442C61050}.Debug|Any CPU.Deploy.0 = Debug|Any CPU
		{FEE0FAB6-97F0-4B61-A61B-4FD442C61050}.Release|Any CPU.ActiveCfg = Release|Any CPU
		{FEE0FAB6-97F0-4B61-A61B-4FD442C61050}.Release|Any CPU.Build.0 = Release|Any CPU
		{FEE0FAB6-97F0-4B61-A61B-4FD442C61050}.Release|Any CPU.Deploy.0 = Release|Any CPU
		{A635F1AA-E167-4153-BDE6-250D347A5B6E}.Debug|Any CPU.ActiveCfg = Debug|Any CPU
		{A635F1AA-E167-4153-BDE6-250D347A5B6E}.Debug|Any CPU.Build.0 = Debug|Any CPU
		{A635F1AA-E167-4153-BDE6-250D347A5B6E}.Debug|Any CPU.Deploy.0 = Debug|Any CPU
		{A635F1AA-E167-4153-BDE6-250D347A5B6E}.Release|Any CPU.ActiveCfg = Release|Any CPU
		{A635F1AA-E167-4153-BDE6-250D347A5B6E}.Release|Any CPU.Build.0 = Release|Any CPU
		{A635F1AA-E167-4153-BDE6-250D347A5B6E}.Release|Any CPU.Deploy.0 = Release|Any CPU
		{20B28277-4CCD-403D-BF8D-D0CCCFBCA662}.Debug|Any CPU.ActiveCfg = Debug|Any CPU
		{20B28277-4CCD-403D-BF8D-D0CCCFBCA662}.Debug|Any CPU.Build.0 = Debug|Any CPU
		{20B28277-4CCD-403D-BF8D-D0CCCFBCA662}.Debug|Any CPU.Deploy.0 = Debug|Any CPU
		{20B28277-4CCD-403D-BF8D-D0CCCFBCA662}.Release|Any CPU.ActiveCfg = Release|Any CPU
		{20B28277-4CCD-403D-BF8D-D0CCCFBCA662}.Release|Any CPU.Build.0 = Release|Any CPU
		{20B28277-4CCD-403D-BF8D-D0CCCFBCA662}.Release|Any CPU.Deploy.0 = Release|Any CPU
		{DFD42619-53CA-48CD-88DE-137D30429A25}.Debug|Any CPU.ActiveCfg = Debug|Any CPU
		{DFD42619-53CA-48CD-88DE-137D30429A25}.Debug|Any CPU.Build.0 = Debug|Any CPU
		{DFD42619-53CA-48CD-88DE-137D30429A25}.Debug|Any CPU.Deploy.0 = Debug|Any CPU
		{DFD42619-53CA-48CD-88DE-137D30429A25}.Release|Any CPU.ActiveCfg = Release|Any CPU
		{DFD42619-53CA-48CD-88DE-137D30429A25}.Release|Any CPU.Build.0 = Release|Any CPU
		{DFD42619-53CA-48CD-88DE-137D30429A25}.Release|Any CPU.Deploy.0 = Release|Any CPU
		{8F61D99F-9550-4D66-B20F-DFD4742F4752}.Debug|Any CPU.ActiveCfg = Debug|Any CPU
		{8F61D99F-9550-4D66-B20F-DFD4742F4752}.Debug|Any CPU.Build.0 = Debug|Any CPU
		{8F61D99F-9550-4D66-B20F-DFD4742F4752}.Debug|Any CPU.Deploy.0 = Debug|Any CPU
		{8F61D99F-9550-4D66-B20F-DFD4742F4752}.Release|Any CPU.ActiveCfg = Release|Any CPU
		{8F61D99F-9550-4D66-B20F-DFD4742F4752}.Release|Any CPU.Build.0 = Release|Any CPU
		{8F61D99F-9550-4D66-B20F-DFD4742F4752}.Release|Any CPU.Deploy.0 = Release|Any CPU
		{92BADA30-1597-40D8-9D87-EE8A053498C6}.Debug|Any CPU.ActiveCfg = Debug|Any CPU
		{92BADA30-1597-40D8-9D87-EE8A053498C6}.Debug|Any CPU.Build.0 = Debug|Any CPU
		{92BADA30-1597-40D8-9D87-EE8A053498C6}.Debug|Any CPU.Deploy.0 = Debug|Any CPU
		{92BADA30-1597-40D8-9D87-EE8A053498C6}.Release|Any CPU.ActiveCfg = Release|Any CPU
		{92BADA30-1597-40D8-9D87-EE8A053498C6}.Release|Any CPU.Build.0 = Release|Any CPU
		{92BADA30-1597-40D8-9D87-EE8A053498C6}.Release|Any CPU.Deploy.0 = Release|Any CPU
		{3F06B4DC-3FD8-4985-BC6F-AC01E921A05F}.Debug|Any CPU.ActiveCfg = Debug|Any CPU
		{3F06B4DC-3FD8-4985-BC6F-AC01E921A05F}.Debug|Any CPU.Build.0 = Debug|Any CPU
		{3F06B4DC-3FD8-4985-BC6F-AC01E921A05F}.Debug|Any CPU.Deploy.0 = Debug|Any CPU
		{3F06B4DC-3FD8-4985-BC6F-AC01E921A05F}.Release|Any CPU.ActiveCfg = Release|Any CPU
		{3F06B4DC-3FD8-4985-BC6F-AC01E921A05F}.Release|Any CPU.Build.0 = Release|Any CPU
		{3F06B4DC-3FD8-4985-BC6F-AC01E921A05F}.Release|Any CPU.Deploy.0 = Release|Any CPU
	EndGlobalSection
	GlobalSection(SolutionProperties) = preSolution
		HideSolutionNode = FALSE
	EndGlobalSection
	GlobalSection(NestedProjects) = preSolution
		{2E939C72-FF8D-4199-BD46-59855AF95325} = {125DF61F-8EB7-4902-87A5-D16E082A3C20}
		{D7C83C71-4ABC-448A-9AA1-B84749397004} = {B1F947B1-5FDA-4AC4-9ADC-AED64C83E42C}
		{1BF55202-9931-4796-9D87-6E63B83A6777} = {7A0D2CE9-7D2A-4055-AB6A-3DA12DF2A61E}
		{9594DAB8-972D-476E-8112-EE752AB2D570} = {99B3B1EB-66C1-4D5F-BE0E-FB3726AA7C77}
		{92F0A6AF-D46D-4FC7-8CBB-E69364DDCE33} = {C643D43E-63DF-40A8-9593-42A16C3542EF}
		{5CA31E2B-94E7-4857-AEBD-492E5DFCB9D6} = {DF1FC4ED-F4A9-4D7F-AA6A-DCFEA616F0FD}
		{EC3A1550-DD8B-4B25-8182-D7564DC7897E} = {9E16A8BE-26B9-43D8-B910-F2E54FBA63AE}
		{A80BC522-25B6-4CED-9C97-93ED70402DF6} = {3DA888FD-9418-4C71-A42B-3F3554657AF9}
		{7D3C0E3E-0C95-4BF2-A4B9-BABD2F931F2E} = {18D1FB9A-D071-4FC5-B786-75B53C968AA8}
		{2F403D63-ECA7-4543-8D4F-E4072D82032B} = {C9449E07-E56F-490E-90B5-0CB79ECE6C0E}
		{FA48E86F-EEDA-4A89-B043-FC56FBCBB855} = {0C7E51A2-D354-40D0-83C0-D45B9E1BC60D}
		{FC756A55-67CC-4A82-B50A-5A579AF37D0C} = {9E16A8BE-26B9-43D8-B910-F2E54FBA63AE}
		{C405A768-4DE5-41CF-8124-A11BEB27CE2A} = {9E16A8BE-26B9-43D8-B910-F2E54FBA63AE}
		{1D743434-5B90-465B-B9FC-EC0954FD296D} = {18D1FB9A-D071-4FC5-B786-75B53C968AA8}
		{2CC02AD2-D091-463D-B84E-9835E0774FDD} = {C9449E07-E56F-490E-90B5-0CB79ECE6C0E}
		{3DC88512-5B96-481F-B949-4786922888B5} = {9E16A8BE-26B9-43D8-B910-F2E54FBA63AE}
		{8F49720D-45D1-49AF-9B03-FB5692A3F9EA} = {0E352F3C-B906-48BA-A219-1A84476062AE}
		{D3437B60-4C88-46E1-8650-3A9B8FACF865} = {9E16A8BE-26B9-43D8-B910-F2E54FBA63AE}
		{7D5BDDCF-DB11-4A66-8AC8-E4D94B15E561} = {CA618783-535E-4B0D-A7F7-282E95D1F8D0}
		{54A0B501-DFD9-4A9F-99EC-4D52E998EC11} = {18D1FB9A-D071-4FC5-B786-75B53C968AA8}
		{A032B26A-AF22-48EA-B85F-55A490B2DD78} = {18D1FB9A-D071-4FC5-B786-75B53C968AA8}
		{11DD8FAB-E6B2-4D22-AB03-A804F6C6557F} = {DAE10203-F0C7-4366-8A5F-9F0BCA114584}
		{0F373494-9D38-4618-A9C6-6FB0A8062402} = {18D1FB9A-D071-4FC5-B786-75B53C968AA8}
		{37251508-411D-4E90-B21E-4149351BCC54} = {C157D1BE-00AE-45AA-BE39-8117424135F7}
		{4F0465DF-9BE9-4353-96EB-E698C54A1C55} = {895CB34D-A98B-4B37-B2CC-95662E66EEC5}
		{1643B34C-160F-4AC5-8863-96B6F87E88B6} = {18D1FB9A-D071-4FC5-B786-75B53C968AA8}
		{7B4E5B15-AA6D-4D17-A562-6A23591CC270} = {18D1FB9A-D071-4FC5-B786-75B53C968AA8}
		{FEE0FAB6-97F0-4B61-A61B-4FD442C61050} = {B7947C3F-665B-4C52-8A36-E044B11A9EBA}
		{A635F1AA-E167-4153-BDE6-250D347A5B6E} = {18D1FB9A-D071-4FC5-B786-75B53C968AA8}
		{20B28277-4CCD-403D-BF8D-D0CCCFBCA662} = {473618FE-E7CF-47A0-9E9E-B5D2E3B0A6F6}
		{DFD42619-53CA-48CD-88DE-137D30429A25} = {18D1FB9A-D071-4FC5-B786-75B53C968AA8}
		{8F61D99F-9550-4D66-B20F-DFD4742F4752} = {18D1FB9A-D071-4FC5-B786-75B53C968AA8}
		{92BADA30-1597-40D8-9D87-EE8A053498C6} = {18D1FB9A-D071-4FC5-B786-75B53C968AA8}
		{3F06B4DC-3FD8-4985-BC6F-AC01E921A05F} = {18D1FB9A-D071-4FC5-B786-75B53C968AA8}
	EndGlobalSection
	GlobalSection(ExtensibilityGlobals) = postSolution
		SolutionGuid = {79CCB3B6-1913-45A6-9047-8520D1DD3C8D}
	EndGlobalSection
EndGlobal
